
Microsoft Visual Studio Solution File, Format Version 12.00
# Visual Studio Version 17
VisualStudioVersion = 17.9.34728.123
MinimumVisualStudioVersion = 10.0.40219.1
Project("{FAE04EC0-301F-11D3-BF4B-00C04F79EFBC}") = "kryptoarythm", "kryptoarythm\kryptoarythm.csproj", "{6F0E01F4-12C3-4804-AE15-7F2EA6BEA739}"
EndProject
Global
	GlobalSection(SolutionConfigurationPlatforms) = preSolution
		Debug|Any CPU = Debug|Any CPU
		Release|Any CPU = Release|Any CPU
	EndGlobalSection
	GlobalSection(ProjectConfigurationPlatforms) = postSolution
		{6F0E01F4-12C3-4804-AE15-7F2EA6BEA739}.Debug|Any CPU.ActiveCfg = Debug|Any CPU
		{6F0E01F4-12C3-4804-AE15-7F2EA6BEA739}.Debug|Any CPU.Build.0 = Debug|Any CPU
		{6F0E01F4-12C3-4804-AE15-7F2EA6BEA739}.Release|Any CPU.ActiveCfg = Release|Any CPU
		{6F0E01F4-12C3-4804-AE15-7F2EA6BEA739}.Release|Any CPU.Build.0 = Release|Any CPU
	EndGlobalSection
	GlobalSection(SolutionProperties) = preSolution
		HideSolutionNode = FALSE
	EndGlobalSection
	GlobalSection(ExtensibilityGlobals) = postSolution
		SolutionGuid = {71EC3277-F96E-4680-AF04-E4C1A288D050}
	EndGlobalSection
EndGlobal
